
Microsoft Visual Studio Solution File, Format Version 12.00
# Visual Studio 15
Project("{FAE04EC0-301F-11D3-BF4B-00C04F79EFBC}") = "Assembly-CSharp", "Assembly-CSharp.csproj", "{DDDAD536-6D4C-3549-5E5D-F2E174E3390E}"
EndProject
Global
	GlobalSection(SolutionConfigurationPlatforms) = preSolution
		Debug|Any CPU = Debug|Any CPU
		Release|Any CPU = Release|Any CPU
	EndGlobalSection
	GlobalSection(ProjectConfigurationPlatforms) = postSolution
		{DDDAD536-6D4C-3549-5E5D-F2E174E3390E}.Debug|Any CPU.ActiveCfg = Debug|Any CPU
		{DDDAD536-6D4C-3549-5E5D-F2E174E3390E}.Debug|Any CPU.Build.0 = Debug|Any CPU
		{DDDAD536-6D4C-3549-5E5D-F2E174E3390E}.Release|Any CPU.ActiveCfg = Release|Any CPU
		{DDDAD536-6D4C-3549-5E5D-F2E174E3390E}.Release|Any CPU.Build.0 = Release|Any CPU
	EndGlobalSection
	GlobalSection(SolutionProperties) = preSolution
		HideSolutionNode = FALSE
	EndGlobalSection
EndGlobal
